
Microsoft Visual Studio Solution File, Format Version 12.00
# Visual Studio Version 17
VisualStudioVersion = 17.8.34322.80
MinimumVisualStudioVersion = 10.0.40219.1
Project("{9A19103F-16F7-4668-BE54-9A1E7A4F7556}") = "RoomRental", "RoomRental.csproj", "{76D1C570-E89B-487A-9D91-8732B17D038B}"
EndProject
Project("{FAE04EC0-301F-11D3-BF4B-00C04F79EFBC}") = "Diagram", "..\Diagram\Diagram.csproj", "{5FB9EFC9-7574-4E24-9553-A16357F8C209}"
EndProject
Global
	GlobalSection(SolutionConfigurationPlatforms) = preSolution
		Debug|Any CPU = Debug|Any CPU
		Release|Any CPU = Release|Any CPU
	EndGlobalSection
	GlobalSection(ProjectConfigurationPlatforms) = postSolution
		{76D1C570-E89B-487A-9D91-8732B17D038B}.Debug|Any CPU.ActiveCfg = Debug|Any CPU
		{76D1C570-E89B-487A-9D91-8732B17D038B}.Debug|Any CPU.Build.0 = Debug|Any CPU
		{76D1C570-E89B-487A-9D91-8732B17D038B}.Release|Any CPU.ActiveCfg = Release|Any CPU
		{76D1C570-E89B-487A-9D91-8732B17D038B}.Release|Any CPU.Build.0 = Release|Any CPU
		{5FB9EFC9-7574-4E24-9553-A16357F8C209}.Debug|Any CPU.ActiveCfg = Debug|Any CPU
		{5FB9EFC9-7574-4E24-9553-A16357F8C209}.Debug|Any CPU.Build.0 = Debug|Any CPU
		{5FB9EFC9-7574-4E24-9553-A16357F8C209}.Release|Any CPU.ActiveCfg = Release|Any CPU
		{5FB9EFC9-7574-4E24-9553-A16357F8C209}.Release|Any CPU.Build.0 = Release|Any CPU
	EndGlobalSection
	GlobalSection(SolutionProperties) = preSolution
		HideSolutionNode = FALSE
	EndGlobalSection
	GlobalSection(ExtensibilityGlobals) = postSolution
		SolutionGuid = {A80FA2CE-5BE2-4921-BDE5-8FE986A4BB82}
	EndGlobalSection
EndGlobal
